// !$*UTF8*$!
{
	archiveVersion = 1;
	classes = {
	};
	objectVersion = 51;
	objects = {

/* Begin PBXBuildFile section */
		172BB04588A5E9B6660AC68B /* Pods_RickAndMortyTests.framework in Frameworks */ = {isa = PBXBuildFile; fileRef = 7AACB54D44C70FABA1FD8CAF /* Pods_RickAndMortyTests.framework */; };
		1CF95FC779BFEB87425D53DF /* Pods_RickAndMorty.framework in Frameworks */ = {isa = PBXBuildFile; fileRef = 4A0B2B2C106B820062894293 /* Pods_RickAndMorty.framework */; };
		204E694957CE8F822E5DC9D7 /* Pods_RickAndMorty_RickAndMortyUITests.framework in Frameworks */ = {isa = PBXBuildFile; fileRef = 333C110920CACE2708C0170B /* Pods_RickAndMorty_RickAndMortyUITests.framework */; };
		D8719DF025B90E65001EA998 /* AppDelegate.swift in Sources */ = {isa = PBXBuildFile; fileRef = D8719DEF25B90E65001EA998 /* AppDelegate.swift */; };
		D8719DF925B90E66001EA998 /* Assets.xcassets in Resources */ = {isa = PBXBuildFile; fileRef = D8719DF825B90E66001EA998 /* Assets.xcassets */; };
		D8719DFC25B90E66001EA998 /* LaunchScreen.storyboard in Resources */ = {isa = PBXBuildFile; fileRef = D8719DFA25B90E66001EA998 /* LaunchScreen.storyboard */; };
		D8719E0725B90E66001EA998 /* RickAndMortyTests.swift in Sources */ = {isa = PBXBuildFile; fileRef = D8719E0625B90E66001EA998 /* RickAndMortyTests.swift */; };
		D8719E1225B90E66001EA998 /* RickAndMortyUITests.swift in Sources */ = {isa = PBXBuildFile; fileRef = D8719E1125B90E66001EA998 /* RickAndMortyUITests.swift */; };
		D8719E2C25B937D9001EA998 /* Charachter.swift in Sources */ = {isa = PBXBuildFile; fileRef = D8719E2A25B937D9001EA998 /* Charachter.swift */; };
		D8719E2D25B937D9001EA998 /* Charachters.swift in Sources */ = {isa = PBXBuildFile; fileRef = D8719E2B25B937D9001EA998 /* Charachters.swift */; };
		D8719E3125B937E2001EA998 /* Http.swift in Sources */ = {isa = PBXBuildFile; fileRef = D8719E2E25B937E2001EA998 /* Http.swift */; };
		D8719E3325B937E2001EA998 /* RestError.swift in Sources */ = {isa = PBXBuildFile; fileRef = D8719E3025B937E2001EA998 /* RestError.swift */; };
		D8719E3625B937F9001EA998 /* CharachtersRequest.swift in Sources */ = {isa = PBXBuildFile; fileRef = D8719E3525B937F9001EA998 /* CharachtersRequest.swift */; };
		D8719E3925B9386F001EA998 /* ErrorManager.swift in Sources */ = {isa = PBXBuildFile; fileRef = D8719E3725B9386F001EA998 /* ErrorManager.swift */; };
		D8719E3A25B9386F001EA998 /* Observable.swift in Sources */ = {isa = PBXBuildFile; fileRef = D8719E3825B9386F001EA998 /* Observable.swift */; };
		D8719E4425B9391C001EA998 /* HomeViewModel.swift in Sources */ = {isa = PBXBuildFile; fileRef = D8719E4025B9391C001EA998 /* HomeViewModel.swift */; };
		D8719E4525B9391C001EA998 /* Main.storyboard in Resources */ = {isa = PBXBuildFile; fileRef = D8719E4125B9391C001EA998 /* Main.storyboard */; };
		D8719E4625B9391C001EA998 /* HomeItemCell.swift in Sources */ = {isa = PBXBuildFile; fileRef = D8719E4225B9391C001EA998 /* HomeItemCell.swift */; };
		D8719E4725B9391C001EA998 /* HomeViewController.swift in Sources */ = {isa = PBXBuildFile; fileRef = D8719E4325B9391C001EA998 /* HomeViewController.swift */; };
		D8719E4B25B9392C001EA998 /* HomeDetailViewController.swift in Sources */ = {isa = PBXBuildFile; fileRef = D8719E4925B9392C001EA998 /* HomeDetailViewController.swift */; };
		D8719E4D25B93F29001EA998 /* Origin.swift in Sources */ = {isa = PBXBuildFile; fileRef = D8719E4C25B93F29001EA998 /* Origin.swift */; };
		D8719E4F25B93F85001EA998 /* Location.swift in Sources */ = {isa = PBXBuildFile; fileRef = D8719E4E25B93F85001EA998 /* Location.swift */; };
/* End PBXBuildFile section */

/* Begin PBXContainerItemProxy section */
		D8719E0325B90E66001EA998 /* PBXContainerItemProxy */ = {
			isa = PBXContainerItemProxy;
			containerPortal = D8719DE425B90E65001EA998 /* Project object */;
			proxyType = 1;
			remoteGlobalIDString = D8719DEB25B90E65001EA998;
			remoteInfo = RickAndMorty;
		};
		D8719E0E25B90E66001EA998 /* PBXContainerItemProxy */ = {
			isa = PBXContainerItemProxy;
			containerPortal = D8719DE425B90E65001EA998 /* Project object */;
			proxyType = 1;
			remoteGlobalIDString = D8719DEB25B90E65001EA998;
			remoteInfo = RickAndMorty;
		};
/* End PBXContainerItemProxy section */

/* Begin PBXFileReference section */
		1371F708B562DD2A3AFB37E6 /* Pods-RickAndMortyTests.release.xcconfig */ = {isa = PBXFileReference; includeInIndex = 1; lastKnownFileType = text.xcconfig; name = "Pods-RickAndMortyTests.release.xcconfig"; path = "Target Support Files/Pods-RickAndMortyTests/Pods-RickAndMortyTests.release.xcconfig"; sourceTree = "<group>"; };
		148B083BDFEF9F6652AAC4DB /* Pods-RickAndMorty.release.xcconfig */ = {isa = PBXFileReference; includeInIndex = 1; lastKnownFileType = text.xcconfig; name = "Pods-RickAndMorty.release.xcconfig"; path = "Target Support Files/Pods-RickAndMorty/Pods-RickAndMorty.release.xcconfig"; sourceTree = "<group>"; };
		333C110920CACE2708C0170B /* Pods_RickAndMorty_RickAndMortyUITests.framework */ = {isa = PBXFileReference; explicitFileType = wrapper.framework; includeInIndex = 0; path = Pods_RickAndMorty_RickAndMortyUITests.framework; sourceTree = BUILT_PRODUCTS_DIR; };
		4A0B2B2C106B820062894293 /* Pods_RickAndMorty.framework */ = {isa = PBXFileReference; explicitFileType = wrapper.framework; includeInIndex = 0; path = Pods_RickAndMorty.framework; sourceTree = BUILT_PRODUCTS_DIR; };
		5BFF3E853DE0C00990ED4400 /* Pods-RickAndMortyTests.debug.xcconfig */ = {isa = PBXFileReference; includeInIndex = 1; lastKnownFileType = text.xcconfig; name = "Pods-RickAndMortyTests.debug.xcconfig"; path = "Target Support Files/Pods-RickAndMortyTests/Pods-RickAndMortyTests.debug.xcconfig"; sourceTree = "<group>"; };
		7AACB54D44C70FABA1FD8CAF /* Pods_RickAndMortyTests.framework */ = {isa = PBXFileReference; explicitFileType = wrapper.framework; includeInIndex = 0; path = Pods_RickAndMortyTests.framework; sourceTree = BUILT_PRODUCTS_DIR; };
		D8719DEC25B90E65001EA998 /* RickAndMorty.app */ = {isa = PBXFileReference; explicitFileType = wrapper.application; includeInIndex = 0; path = RickAndMorty.app; sourceTree = BUILT_PRODUCTS_DIR; };
		D8719DEF25B90E65001EA998 /* AppDelegate.swift */ = {isa = PBXFileReference; lastKnownFileType = sourcecode.swift; path = AppDelegate.swift; sourceTree = "<group>"; };
		D8719DF825B90E66001EA998 /* Assets.xcassets */ = {isa = PBXFileReference; lastKnownFileType = folder.assetcatalog; path = Assets.xcassets; sourceTree = "<group>"; };
		D8719DFB25B90E66001EA998 /* Base */ = {isa = PBXFileReference; lastKnownFileType = file.storyboard; name = Base; path = Base.lproj/LaunchScreen.storyboard; sourceTree = "<group>"; };
		D8719DFD25B90E66001EA998 /* Info.plist */ = {isa = PBXFileReference; lastKnownFileType = text.plist.xml; path = Info.plist; sourceTree = "<group>"; };
		D8719E0225B90E66001EA998 /* RickAndMortyTests.xctest */ = {isa = PBXFileReference; explicitFileType = wrapper.cfbundle; includeInIndex = 0; path = RickAndMortyTests.xctest; sourceTree = BUILT_PRODUCTS_DIR; };
		D8719E0625B90E66001EA998 /* RickAndMortyTests.swift */ = {isa = PBXFileReference; lastKnownFileType = sourcecode.swift; path = RickAndMortyTests.swift; sourceTree = "<group>"; };
		D8719E0825B90E66001EA998 /* Info.plist */ = {isa = PBXFileReference; lastKnownFileType = text.plist.xml; path = Info.plist; sourceTree = "<group>"; };
		D8719E0D25B90E66001EA998 /* RickAndMortyUITests.xctest */ = {isa = PBXFileReference; explicitFileType = wrapper.cfbundle; includeInIndex = 0; path = RickAndMortyUITests.xctest; sourceTree = BUILT_PRODUCTS_DIR; };
		D8719E1125B90E66001EA998 /* RickAndMortyUITests.swift */ = {isa = PBXFileReference; lastKnownFileType = sourcecode.swift; path = RickAndMortyUITests.swift; sourceTree = "<group>"; };
		D8719E1325B90E66001EA998 /* Info.plist */ = {isa = PBXFileReference; lastKnownFileType = text.plist.xml; path = Info.plist; sourceTree = "<group>"; };
		D8719E2A25B937D9001EA998 /* Charachter.swift */ = {isa = PBXFileReference; fileEncoding = 4; lastKnownFileType = sourcecode.swift; path = Charachter.swift; sourceTree = "<group>"; };
		D8719E2B25B937D9001EA998 /* Charachters.swift */ = {isa = PBXFileReference; fileEncoding = 4; lastKnownFileType = sourcecode.swift; path = Charachters.swift; sourceTree = "<group>"; };
		D8719E2E25B937E2001EA998 /* Http.swift */ = {isa = PBXFileReference; fileEncoding = 4; lastKnownFileType = sourcecode.swift; path = Http.swift; sourceTree = "<group>"; };
		D8719E3025B937E2001EA998 /* RestError.swift */ = {isa = PBXFileReference; fileEncoding = 4; lastKnownFileType = sourcecode.swift; path = RestError.swift; sourceTree = "<group>"; };
		D8719E3525B937F9001EA998 /* CharachtersRequest.swift */ = {isa = PBXFileReference; fileEncoding = 4; lastKnownFileType = sourcecode.swift; path = CharachtersRequest.swift; sourceTree = "<group>"; };
		D8719E3725B9386F001EA998 /* ErrorManager.swift */ = {isa = PBXFileReference; fileEncoding = 4; lastKnownFileType = sourcecode.swift; path = ErrorManager.swift; sourceTree = "<group>"; };
		D8719E3825B9386F001EA998 /* Observable.swift */ = {isa = PBXFileReference; fileEncoding = 4; lastKnownFileType = sourcecode.swift; path = Observable.swift; sourceTree = "<group>"; };
		D8719E4025B9391C001EA998 /* HomeViewModel.swift */ = {isa = PBXFileReference; fileEncoding = 4; lastKnownFileType = sourcecode.swift; path = HomeViewModel.swift; sourceTree = "<group>"; };
		D8719E4125B9391C001EA998 /* Main.storyboard */ = {isa = PBXFileReference; fileEncoding = 4; lastKnownFileType = file.storyboard; path = Main.storyboard; sourceTree = "<group>"; };
		D8719E4225B9391C001EA998 /* HomeItemCell.swift */ = {isa = PBXFileReference; fileEncoding = 4; lastKnownFileType = sourcecode.swift; path = HomeItemCell.swift; sourceTree = "<group>"; };
		D8719E4325B9391C001EA998 /* HomeViewController.swift */ = {isa = PBXFileReference; fileEncoding = 4; lastKnownFileType = sourcecode.swift; path = HomeViewController.swift; sourceTree = "<group>"; };
		D8719E4925B9392C001EA998 /* HomeDetailViewController.swift */ = {isa = PBXFileReference; fileEncoding = 4; lastKnownFileType = sourcecode.swift; path = HomeDetailViewController.swift; sourceTree = "<group>"; };
		D8719E4C25B93F29001EA998 /* Origin.swift */ = {isa = PBXFileReference; lastKnownFileType = sourcecode.swift; path = Origin.swift; sourceTree = "<group>"; };
		D8719E4E25B93F85001EA998 /* Location.swift */ = {isa = PBXFileReference; lastKnownFileType = sourcecode.swift; path = Location.swift; sourceTree = "<group>"; };
		DB67824F4F80B09C06A7B60E /* Pods-RickAndMorty-RickAndMortyUITests.release.xcconfig */ = {isa = PBXFileReference; includeInIndex = 1; lastKnownFileType = text.xcconfig; name = "Pods-RickAndMorty-RickAndMortyUITests.release.xcconfig"; path = "Target Support Files/Pods-RickAndMorty-RickAndMortyUITests/Pods-RickAndMorty-RickAndMortyUITests.release.xcconfig"; sourceTree = "<group>"; };
		DB92B5B95B85FB26BB52D1E4 /* Pods-RickAndMorty-RickAndMortyUITests.debug.xcconfig */ = {isa = PBXFileReference; includeInIndex = 1; lastKnownFileType = text.xcconfig; name = "Pods-RickAndMorty-RickAndMortyUITests.debug.xcconfig"; path = "Target Support Files/Pods-RickAndMorty-RickAndMortyUITests/Pods-RickAndMorty-RickAndMortyUITests.debug.xcconfig"; sourceTree = "<group>"; };
		E1CCCE90DBFA4576ED2964CB /* Pods-RickAndMorty.debug.xcconfig */ = {isa = PBXFileReference; includeInIndex = 1; lastKnownFileType = text.xcconfig; name = "Pods-RickAndMorty.debug.xcconfig"; path = "Target Support Files/Pods-RickAndMorty/Pods-RickAndMorty.debug.xcconfig"; sourceTree = "<group>"; };
/* End PBXFileReference section */

/* Begin PBXFrameworksBuildPhase section */
		D8719DE925B90E65001EA998 /* Frameworks */ = {
			isa = PBXFrameworksBuildPhase;
			buildActionMask = 2147483647;
			files = (
				1CF95FC779BFEB87425D53DF /* Pods_RickAndMorty.framework in Frameworks */,
			);
			runOnlyForDeploymentPostprocessing = 0;
		};
		D8719DFF25B90E66001EA998 /* Frameworks */ = {
			isa = PBXFrameworksBuildPhase;
			buildActionMask = 2147483647;
			files = (
				172BB04588A5E9B6660AC68B /* Pods_RickAndMortyTests.framework in Frameworks */,
			);
			runOnlyForDeploymentPostprocessing = 0;
		};
		D8719E0A25B90E66001EA998 /* Frameworks */ = {
			isa = PBXFrameworksBuildPhase;
			buildActionMask = 2147483647;
			files = (
				204E694957CE8F822E5DC9D7 /* Pods_RickAndMorty_RickAndMortyUITests.framework in Frameworks */,
			);
			runOnlyForDeploymentPostprocessing = 0;
		};
/* End PBXFrameworksBuildPhase section */

/* Begin PBXGroup section */
		28B1502A5C50495F62775E54 /* Frameworks */ = {
			isa = PBXGroup;
			children = (
				4A0B2B2C106B820062894293 /* Pods_RickAndMorty.framework */,
				333C110920CACE2708C0170B /* Pods_RickAndMorty_RickAndMortyUITests.framework */,
				7AACB54D44C70FABA1FD8CAF /* Pods_RickAndMortyTests.framework */,
			);
			name = Frameworks;
			sourceTree = "<group>";
		};
		B64CE10B37CE7CDBCA53A614 /* Pods */ = {
			isa = PBXGroup;
			children = (
				E1CCCE90DBFA4576ED2964CB /* Pods-RickAndMorty.debug.xcconfig */,
				148B083BDFEF9F6652AAC4DB /* Pods-RickAndMorty.release.xcconfig */,
				DB92B5B95B85FB26BB52D1E4 /* Pods-RickAndMorty-RickAndMortyUITests.debug.xcconfig */,
				DB67824F4F80B09C06A7B60E /* Pods-RickAndMorty-RickAndMortyUITests.release.xcconfig */,
				5BFF3E853DE0C00990ED4400 /* Pods-RickAndMortyTests.debug.xcconfig */,
				1371F708B562DD2A3AFB37E6 /* Pods-RickAndMortyTests.release.xcconfig */,
			);
			path = Pods;
			sourceTree = "<group>";
		};
		D8719DE325B90E65001EA998 = {
			isa = PBXGroup;
			children = (
				D8719DEE25B90E65001EA998 /* RickAndMorty */,
				D8719E0525B90E66001EA998 /* RickAndMortyTests */,
				D8719E1025B90E66001EA998 /* RickAndMortyUITests */,
				D8719DED25B90E65001EA998 /* Products */,
				B64CE10B37CE7CDBCA53A614 /* Pods */,
				28B1502A5C50495F62775E54 /* Frameworks */,
			);
			sourceTree = "<group>";
		};
		D8719DED25B90E65001EA998 /* Products */ = {
			isa = PBXGroup;
			children = (
				D8719DEC25B90E65001EA998 /* RickAndMorty.app */,
				D8719E0225B90E66001EA998 /* RickAndMortyTests.xctest */,
				D8719E0D25B90E66001EA998 /* RickAndMortyUITests.xctest */,
			);
			name = Products;
			sourceTree = "<group>";
		};
		D8719DEE25B90E65001EA998 /* RickAndMorty */ = {
			isa = PBXGroup;
			children = (
				D8719E3B25B938A6001EA998 /* Controller */,
				D8719E2925B93706001EA998 /* Model */,
				D8719E2825B93704001EA998 /* Rest */,
				D8719E2725B93700001EA998 /* Utils */,
				D8719DEF25B90E65001EA998 /* AppDelegate.swift */,
				D8719E4125B9391C001EA998 /* Main.storyboard */,
				D8719DF825B90E66001EA998 /* Assets.xcassets */,
				D8719DFA25B90E66001EA998 /* LaunchScreen.storyboard */,
				D8719DFD25B90E66001EA998 /* Info.plist */,
			);
			path = RickAndMorty;
			sourceTree = "<group>";
		};
		D8719E0525B90E66001EA998 /* RickAndMortyTests */ = {
			isa = PBXGroup;
			children = (
				D8719E0625B90E66001EA998 /* RickAndMortyTests.swift */,
				D8719E0825B90E66001EA998 /* Info.plist */,
			);
			path = RickAndMortyTests;
			sourceTree = "<group>";
		};
		D8719E1025B90E66001EA998 /* RickAndMortyUITests */ = {
			isa = PBXGroup;
			children = (
				D8719E1125B90E66001EA998 /* RickAndMortyUITests.swift */,
				D8719E1325B90E66001EA998 /* Info.plist */,
			);
			path = RickAndMortyUITests;
			sourceTree = "<group>";
		};
		D8719E2725B93700001EA998 /* Utils */ = {
			isa = PBXGroup;
			children = (
				D8719E3725B9386F001EA998 /* ErrorManager.swift */,
				D8719E3825B9386F001EA998 /* Observable.swift */,
			);
			path = Utils;
			sourceTree = "<group>";
		};
		D8719E2825B93704001EA998 /* Rest */ = {
			isa = PBXGroup;
			children = (
				D8719E2E25B937E2001EA998 /* Http.swift */,
				D8719E3025B937E2001EA998 /* RestError.swift */,
				D8719E3425B937E9001EA998 /* Request */,
			);
			path = Rest;
			sourceTree = "<group>";
		};
		D8719E2925B93706001EA998 /* Model */ = {
			isa = PBXGroup;
			children = (
				D8719E2A25B937D9001EA998 /* Charachter.swift */,
				D8719E2B25B937D9001EA998 /* Charachters.swift */,
				D8719E4C25B93F29001EA998 /* Origin.swift */,
				D8719E4E25B93F85001EA998 /* Location.swift */,
			);
			path = Model;
			sourceTree = "<group>";
		};
		D8719E3425B937E9001EA998 /* Request */ = {
			isa = PBXGroup;
			children = (
				D8719E3525B937F9001EA998 /* CharachtersRequest.swift */,
			);
			path = Request;
			sourceTree = "<group>";
		};
		D8719E3B25B938A6001EA998 /* Controller */ = {
			isa = PBXGroup;
			children = (
				D8719E3E25B938DC001EA998 /* Home */,
				D8719E3F25B938FF001EA998 /* HomeDetail */,
			);
			path = Controller;
			sourceTree = "<group>";
		};
		D8719E3E25B938DC001EA998 /* Home */ = {
			isa = PBXGroup;
			children = (
				D8719E4325B9391C001EA998 /* HomeViewController.swift */,
				D8719E4225B9391C001EA998 /* HomeItemCell.swift */,
				D8719E4025B9391C001EA998 /* HomeViewModel.swift */,
			);
			path = Home;
			sourceTree = "<group>";
		};
		D8719E3F25B938FF001EA998 /* HomeDetail */ = {
			isa = PBXGroup;
			children = (
				D8719E4925B9392C001EA998 /* HomeDetailViewController.swift */,
			);
			path = HomeDetail;
			sourceTree = "<group>";
		};
/* End PBXGroup section */

/* Begin PBXNativeTarget section */
		D8719DEB25B90E65001EA998 /* RickAndMorty */ = {
			isa = PBXNativeTarget;
			buildConfigurationList = D8719E1625B90E66001EA998 /* Build configuration list for PBXNativeTarget "RickAndMorty" */;
			buildPhases = (
				6A64D03D0B5C346FCA407516 /* [CP] Check Pods Manifest.lock */,
				D8719DE825B90E65001EA998 /* Sources */,
				D8719DE925B90E65001EA998 /* Frameworks */,
				D8719DEA25B90E65001EA998 /* Resources */,
				2A19EF6DC848862B05F1E793 /* [CP] Embed Pods Frameworks */,
			);
			buildRules = (
			);
			dependencies = (
			);
			name = RickAndMorty;
			productName = RickAndMorty;
			productReference = D8719DEC25B90E65001EA998 /* RickAndMorty.app */;
			productType = "com.apple.product-type.application";
		};
		D8719E0125B90E66001EA998 /* RickAndMortyTests */ = {
			isa = PBXNativeTarget;
			buildConfigurationList = D8719E1925B90E66001EA998 /* Build configuration list for PBXNativeTarget "RickAndMortyTests" */;
			buildPhases = (
				EB7751206705DDD040BB11AB /* [CP] Check Pods Manifest.lock */,
				D8719DFE25B90E66001EA998 /* Sources */,
				D8719DFF25B90E66001EA998 /* Frameworks */,
				D8719E0025B90E66001EA998 /* Resources */,
			);
			buildRules = (
			);
			dependencies = (
				D8719E0425B90E66001EA998 /* PBXTargetDependency */,
			);
			name = RickAndMortyTests;
			productName = RickAndMortyTests;
			productReference = D8719E0225B90E66001EA998 /* RickAndMortyTests.xctest */;
			productType = "com.apple.product-type.bundle.unit-test";
		};
		D8719E0C25B90E66001EA998 /* RickAndMortyUITests */ = {
			isa = PBXNativeTarget;
			buildConfigurationList = D8719E1C25B90E66001EA998 /* Build configuration list for PBXNativeTarget "RickAndMortyUITests" */;
			buildPhases = (
				F4C3930B6CFD347A3480448B /* [CP] Check Pods Manifest.lock */,
				D8719E0925B90E66001EA998 /* Sources */,
				D8719E0A25B90E66001EA998 /* Frameworks */,
				D8719E0B25B90E66001EA998 /* Resources */,
				63C4EA54ED6EA97ED14B0398 /* [CP] Embed Pods Frameworks */,
			);
			buildRules = (
			);
			dependencies = (
				D8719E0F25B90E66001EA998 /* PBXTargetDependency */,
			);
			name = RickAndMortyUITests;
			productName = RickAndMortyUITests;
			productReference = D8719E0D25B90E66001EA998 /* RickAndMortyUITests.xctest */;
			productType = "com.apple.product-type.bundle.ui-testing";
		};
/* End PBXNativeTarget section */

/* Begin PBXProject section */
		D8719DE425B90E65001EA998 /* Project object */ = {
			isa = PBXProject;
			attributes = {
				LastSwiftUpdateCheck = 1130;
				LastUpgradeCheck = 1130;
				ORGANIZATIONNAME = "Gabriel Ribeiro dos Santos";
				TargetAttributes = {
					D8719DEB25B90E65001EA998 = {
						CreatedOnToolsVersion = 11.3.1;
					};
					D8719E0125B90E66001EA998 = {
						CreatedOnToolsVersion = 11.3.1;
						TestTargetID = D8719DEB25B90E65001EA998;
					};
					D8719E0C25B90E66001EA998 = {
						CreatedOnToolsVersion = 11.3.1;
						TestTargetID = D8719DEB25B90E65001EA998;
					};
				};
			};
			buildConfigurationList = D8719DE725B90E65001EA998 /* Build configuration list for PBXProject "RickAndMorty" */;
			compatibilityVersion = "Xcode 9.3";
			developmentRegion = en;
			hasScannedForEncodings = 0;
			knownRegions = (
				en,
				Base,
			);
			mainGroup = D8719DE325B90E65001EA998;
			productRefGroup = D8719DED25B90E65001EA998 /* Products */;
			projectDirPath = "";
			projectRoot = "";
			targets = (
				D8719DEB25B90E65001EA998 /* RickAndMorty */,
				D8719E0125B90E66001EA998 /* RickAndMortyTests */,
				D8719E0C25B90E66001EA998 /* RickAndMortyUITests */,
			);
		};
/* End PBXProject section */

/* Begin PBXResourcesBuildPhase section */
		D8719DEA25B90E65001EA998 /* Resources */ = {
			isa = PBXResourcesBuildPhase;
			buildActionMask = 2147483647;
			files = (
				D8719DFC25B90E66001EA998 /* LaunchScreen.storyboard in Resources */,
				D8719E4525B9391C001EA998 /* Main.storyboard in Resources */,
				D8719DF925B90E66001EA998 /* Assets.xcassets in Resources */,
			);
			runOnlyForDeploymentPostprocessing = 0;
		};
		D8719E0025B90E66001EA998 /* Resources */ = {
			isa = PBXResourcesBuildPhase;
			buildActionMask = 2147483647;
			files = (
			);
			runOnlyForDeploymentPostprocessing = 0;
		};
		D8719E0B25B90E66001EA998 /* Resources */ = {
			isa = PBXResourcesBuildPhase;
			buildActionMask = 2147483647;
			files = (
			);
			runOnlyForDeploymentPostprocessing = 0;
		};
/* End PBXResourcesBuildPhase section */

/* Begin PBXShellScriptBuildPhase section */
		2A19EF6DC848862B05F1E793 /* [CP] Embed Pods Frameworks */ = {
			isa = PBXShellScriptBuildPhase;
			buildActionMask = 2147483647;
			files = (
			);
			inputFileListPaths = (
				"${PODS_ROOT}/Target Support Files/Pods-RickAndMorty/Pods-RickAndMorty-frameworks-${CONFIGURATION}-input-files.xcfilelist",
			);
			name = "[CP] Embed Pods Frameworks";
			outputFileListPaths = (
				"${PODS_ROOT}/Target Support Files/Pods-RickAndMorty/Pods-RickAndMorty-frameworks-${CONFIGURATION}-output-files.xcfilelist",
			);
			runOnlyForDeploymentPostprocessing = 0;
			shellPath = /bin/sh;
			shellScript = "\"${PODS_ROOT}/Target Support Files/Pods-RickAndMorty/Pods-RickAndMorty-frameworks.sh\"\n";
			showEnvVarsInLog = 0;
		};
		63C4EA54ED6EA97ED14B0398 /* [CP] Embed Pods Frameworks */ = {
			isa = PBXShellScriptBuildPhase;
			buildActionMask = 2147483647;
			files = (
			);
			inputFileListPaths = (
				"${PODS_ROOT}/Target Support Files/Pods-RickAndMorty-RickAndMortyUITests/Pods-RickAndMorty-RickAndMortyUITests-frameworks-${CONFIGURATION}-input-files.xcfilelist",
			);
			name = "[CP] Embed Pods Frameworks";
			outputFileListPaths = (
				"${PODS_ROOT}/Target Support Files/Pods-RickAndMorty-RickAndMortyUITests/Pods-RickAndMorty-RickAndMortyUITests-frameworks-${CONFIGURATION}-output-files.xcfilelist",
			);
			runOnlyForDeploymentPostprocessing = 0;
			shellPath = /bin/sh;
			shellScript = "\"${PODS_ROOT}/Target Support Files/Pods-RickAndMorty-RickAndMortyUITests/Pods-RickAndMorty-RickAndMortyUITests-frameworks.sh\"\n";
			showEnvVarsInLog = 0;
		};
		6A64D03D0B5C346FCA407516 /* [CP] Check Pods Manifest.lock */ = {
			isa = PBXShellScriptBuildPhase;
			buildActionMask = 2147483647;
			files = (
			);
			inputFileListPaths = (
			);
			inputPaths = (
				"${PODS_PODFILE_DIR_PATH}/Podfile.lock",
				"${PODS_ROOT}/Manifest.lock",
			);
			name = "[CP] Check Pods Manifest.lock";
			outputFileListPaths = (
			);
			outputPaths = (
				"$(DERIVED_FILE_DIR)/Pods-RickAndMorty-checkManifestLockResult.txt",
			);
			runOnlyForDeploymentPostprocessing = 0;
			shellPath = /bin/sh;
			shellScript = "diff \"${PODS_PODFILE_DIR_PATH}/Podfile.lock\" \"${PODS_ROOT}/Manifest.lock\" > /dev/null\nif [ $? != 0 ] ; then\n    # print error to STDERR\n    echo \"error: The sandbox is not in sync with the Podfile.lock. Run 'pod install' or update your CocoaPods installation.\" >&2\n    exit 1\nfi\n# This output is used by Xcode 'outputs' to avoid re-running this script phase.\necho \"SUCCESS\" > \"${SCRIPT_OUTPUT_FILE_0}\"\n";
			showEnvVarsInLog = 0;
		};
		EB7751206705DDD040BB11AB /* [CP] Check Pods Manifest.lock */ = {
			isa = PBXShellScriptBuildPhase;
			buildActionMask = 2147483647;
			files = (
			);
			inputFileListPaths = (
			);
			inputPaths = (
				"${PODS_PODFILE_DIR_PATH}/Podfile.lock",
				"${PODS_ROOT}/Manifest.lock",
			);
			name = "[CP] Check Pods Manifest.lock";
			outputFileListPaths = (
			);
			outputPaths = (
				"$(DERIVED_FILE_DIR)/Pods-RickAndMortyTests-checkManifestLockResult.txt",
			);
			runOnlyForDeploymentPostprocessing = 0;
			shellPath = /bin/sh;
			shellScript = "diff \"${PODS_PODFILE_DIR_PATH}/Podfile.lock\" \"${PODS_ROOT}/Manifest.lock\" > /dev/null\nif [ $? != 0 ] ; then\n    # print error to STDERR\n    echo \"error: The sandbox is not in sync with the Podfile.lock. Run 'pod install' or update your CocoaPods installation.\" >&2\n    exit 1\nfi\n# This output is used by Xcode 'outputs' to avoid re-running this script phase.\necho \"SUCCESS\" > \"${SCRIPT_OUTPUT_FILE_0}\"\n";
			showEnvVarsInLog = 0;
		};
		F4C3930B6CFD347A3480448B /* [CP] Check Pods Manifest.lock */ = {
			isa = PBXShellScriptBuildPhase;
			buildActionMask = 2147483647;
			files = (
			);
			inputFileListPaths = (
			);
			inputPaths = (
				"${PODS_PODFILE_DIR_PATH}/Podfile.lock",
				"${PODS_ROOT}/Manifest.lock",
			);
			name = "[CP] Check Pods Manifest.lock";
			outputFileListPaths = (
			);
			outputPaths = (
				"$(DERIVED_FILE_DIR)/Pods-RickAndMorty-RickAndMortyUITests-checkManifestLockResult.txt",
			);
			runOnlyForDeploymentPostprocessing = 0;
			shellPath = /bin/sh;
			shellScript = "diff \"${PODS_PODFILE_DIR_PATH}/Podfile.lock\" \"${PODS_ROOT}/Manifest.lock\" > /dev/null\nif [ $? != 0 ] ; then\n    # print error to STDERR\n    echo \"error: The sandbox is not in sync with the Podfile.lock. Run 'pod install' or update your CocoaPods installation.\" >&2\n    exit 1\nfi\n# This output is used by Xcode 'outputs' to avoid re-running this script phase.\necho \"SUCCESS\" > \"${SCRIPT_OUTPUT_FILE_0}\"\n";
			showEnvVarsInLog = 0;
		};
/* End PBXShellScriptBuildPhase section */

/* Begin PBXSourcesBuildPhase section */
		D8719DE825B90E65001EA998 /* Sources */ = {
			isa = PBXSourcesBuildPhase;
			buildActionMask = 2147483647;
			files = (
				D8719E4B25B9392C001EA998 /* HomeDetailViewController.swift in Sources */,
				D8719E3925B9386F001EA998 /* ErrorManager.swift in Sources */,
				D8719E4425B9391C001EA998 /* HomeViewModel.swift in Sources */,
				D8719E2C25B937D9001EA998 /* Charachter.swift in Sources */,
				D8719E4F25B93F85001EA998 /* Location.swift in Sources */,
				D8719DF025B90E65001EA998 /* AppDelegate.swift in Sources */,
				D8719E2D25B937D9001EA998 /* Charachters.swift in Sources */,
				D8719E3625B937F9001EA998 /* CharachtersRequest.swift in Sources */,
				D8719E3A25B9386F001EA998 /* Observable.swift in Sources */,
				D8719E4625B9391C001EA998 /* HomeItemCell.swift in Sources */,
				D8719E3325B937E2001EA998 /* RestError.swift in Sources */,
				D8719E4725B9391C001EA998 /* HomeViewController.swift in Sources */,
				D8719E3125B937E2001EA998 /* Http.swift in Sources */,
				D8719E4D25B93F29001EA998 /* Origin.swift in Sources */,
			);
			runOnlyForDeploymentPostprocessing = 0;
		};
		D8719DFE25B90E66001EA998 /* Sources */ = {
			isa = PBXSourcesBuildPhase;
			buildActionMask = 2147483647;
			files = (
				D8719E0725B90E66001EA998 /* RickAndMortyTests.swift in Sources */,
			);
			runOnlyForDeploymentPostprocessing = 0;
		};
		D8719E0925B90E66001EA998 /* Sources */ = {
			isa = PBXSourcesBuildPhase;
			buildActionMask = 2147483647;
			files = (
				D8719E1225B90E66001EA998 /* RickAndMortyUITests.swift in Sources */,
			);
			runOnlyForDeploymentPostprocessing = 0;
		};
/* End PBXSourcesBuildPhase section */

/* Begin PBXTargetDependency section */
		D8719E0425B90E66001EA998 /* PBXTargetDependency */ = {
			isa = PBXTargetDependency;
			target = D8719DEB25B90E65001EA998 /* RickAndMorty */;
			targetProxy = D8719E0325B90E66001EA998 /* PBXContainerItemProxy */;
		};
		D8719E0F25B90E66001EA998 /* PBXTargetDependency */ = {
			isa = PBXTargetDependency;
			target = D8719DEB25B90E65001EA998 /* RickAndMorty */;
			targetProxy = D8719E0E25B90E66001EA998 /* PBXContainerItemProxy */;
		};
/* End PBXTargetDependency section */

/* Begin PBXVariantGroup section */
		D8719DFA25B90E66001EA998 /* LaunchScreen.storyboard */ = {
			isa = PBXVariantGroup;
			children = (
				D8719DFB25B90E66001EA998 /* Base */,
			);
			name = LaunchScreen.storyboard;
			sourceTree = "<group>";
		};
/* End PBXVariantGroup section */

/* Begin XCBuildConfiguration section */
		D8719E1425B90E66001EA998 /* Debug */ = {
			isa = XCBuildConfiguration;
			buildSettings = {
				ALWAYS_SEARCH_USER_PATHS = NO;
				CLANG_ANALYZER_NONNULL = YES;
				CLANG_ANALYZER_NUMBER_OBJECT_CONVERSION = YES_AGGRESSIVE;
				CLANG_CXX_LANGUAGE_STANDARD = "gnu++14";
				CLANG_CXX_LIBRARY = "libc++";
				CLANG_ENABLE_MODULES = YES;
				CLANG_ENABLE_OBJC_ARC = YES;
				CLANG_ENABLE_OBJC_WEAK = YES;
				CLANG_WARN_BLOCK_CAPTURE_AUTORELEASING = YES;
				CLANG_WARN_BOOL_CONVERSION = YES;
				CLANG_WARN_COMMA = YES;
				CLANG_WARN_CONSTANT_CONVERSION = YES;
				CLANG_WARN_DEPRECATED_OBJC_IMPLEMENTATIONS = YES;
				CLANG_WARN_DIRECT_OBJC_ISA_USAGE = YES_ERROR;
				CLANG_WARN_DOCUMENTATION_COMMENTS = YES;
				CLANG_WARN_EMPTY_BODY = YES;
				CLANG_WARN_ENUM_CONVERSION = YES;
				CLANG_WARN_INFINITE_RECURSION = YES;
				CLANG_WARN_INT_CONVERSION = YES;
				CLANG_WARN_NON_LITERAL_NULL_CONVERSION = YES;
				CLANG_WARN_OBJC_IMPLICIT_RETAIN_SELF = YES;
				CLANG_WARN_OBJC_LITERAL_CONVERSION = YES;
				CLANG_WARN_OBJC_ROOT_CLASS = YES_ERROR;
				CLANG_WARN_RANGE_LOOP_ANALYSIS = YES;
				CLANG_WARN_STRICT_PROTOTYPES = YES;
				CLANG_WARN_SUSPICIOUS_MOVE = YES;
				CLANG_WARN_UNGUARDED_AVAILABILITY = YES_AGGRESSIVE;
				CLANG_WARN_UNREACHABLE_CODE = YES;
				CLANG_WARN__DUPLICATE_METHOD_MATCH = YES;
				COPY_PHASE_STRIP = NO;
				DEBUG_INFORMATION_FORMAT = dwarf;
				ENABLE_STRICT_OBJC_MSGSEND = YES;
				ENABLE_TESTABILITY = YES;
				GCC_C_LANGUAGE_STANDARD = gnu11;
				GCC_DYNAMIC_NO_PIC = NO;
				GCC_NO_COMMON_BLOCKS = YES;
				GCC_OPTIMIZATION_LEVEL = 0;
				GCC_PREPROCESSOR_DEFINITIONS = (
					"DEBUG=1",
					"$(inherited)",
				);
				GCC_WARN_64_TO_32_BIT_CONVERSION = YES;
				GCC_WARN_ABOUT_RETURN_TYPE = YES_ERROR;
				GCC_WARN_UNDECLARED_SELECTOR = YES;
				GCC_WARN_UNINITIALIZED_AUTOS = YES_AGGRESSIVE;
				GCC_WARN_UNUSED_FUNCTION = YES;
				GCC_WARN_UNUSED_VARIABLE = YES;
				IPHONEOS_DEPLOYMENT_TARGET = 13.2;
				MTL_ENABLE_DEBUG_INFO = INCLUDE_SOURCE;
				MTL_FAST_MATH = YES;
				ONLY_ACTIVE_ARCH = YES;
				SDKROOT = iphoneos;
				SWIFT_ACTIVE_COMPILATION_CONDITIONS = DEBUG;
				SWIFT_OPTIMIZATION_LEVEL = "-Onone";
			};
			name = Debug;
		};
		D8719E1525B90E66001EA998 /* Release */ = {
			isa = XCBuildConfiguration;
			buildSettings = {
				ALWAYS_SEARCH_USER_PATHS = NO;
				CLANG_ANALYZER_NONNULL = YES;
				CLANG_ANALYZER_NUMBER_OBJECT_CONVERSION = YES_AGGRESSIVE;
				CLANG_CXX_LANGUAGE_STANDARD = "gnu++14";
				CLANG_CXX_LIBRARY = "libc++";
				CLANG_ENABLE_MODULES = YES;
				CLANG_ENABLE_OBJC_ARC = YES;
				CLANG_ENABLE_OBJC_WEAK = YES;
				CLANG_WARN_BLOCK_CAPTURE_AUTORELEASING = YES;
				CLANG_WARN_BOOL_CONVERSION = YES;
				CLANG_WARN_COMMA = YES;
				CLANG_WARN_CONSTANT_CONVERSION = YES;
				CLANG_WARN_DEPRECATED_OBJC_IMPLEMENTATIONS = YES;
				CLANG_WARN_DIRECT_OBJC_ISA_USAGE = YES_ERROR;
				CLANG_WARN_DOCUMENTATION_COMMENTS = YES;
				CLANG_WARN_EMPTY_BODY = YES;
				CLANG_WARN_ENUM_CONVERSION = YES;
				CLANG_WARN_INFINITE_RECURSION = YES;
				CLANG_WARN_INT_CONVERSION = YES;
				CLANG_WARN_NON_LITERAL_NULL_CONVERSION = YES;
				CLANG_WARN_OBJC_IMPLICIT_RETAIN_SELF = YES;
				CLANG_WARN_OBJC_LITERAL_CONVERSION = YES;
				CLANG_WARN_OBJC_ROOT_CLASS = YES_ERROR;
				CLANG_WARN_RANGE_LOOP_ANALYSIS = YES;
				CLANG_WARN_STRICT_PROTOTYPES = YES;
				CLANG_WARN_SUSPICIOUS_MOVE = YES;
				CLANG_WARN_UNGUARDED_AVAILABILITY = YES_AGGRESSIVE;
				CLANG_WARN_UNREACHABLE_CODE = YES;
				CLANG_WARN__DUPLICATE_METHOD_MATCH = YES;
				COPY_PHASE_STRIP = NO;
				DEBUG_INFORMATION_FORMAT = "dwarf-with-dsym";
				ENABLE_NS_ASSERTIONS = NO;
				ENABLE_STRICT_OBJC_MSGSEND = YES;
				GCC_C_LANGUAGE_STANDARD = gnu11;
				GCC_NO_COMMON_BLOCKS = YES;
				GCC_WARN_64_TO_32_BIT_CONVERSION = YES;
				GCC_WARN_ABOUT_RETURN_TYPE = YES_ERROR;
				GCC_WARN_UNDECLARED_SELECTOR = YES;
				GCC_WARN_UNINITIALIZED_AUTOS = YES_AGGRESSIVE;
				GCC_WARN_UNUSED_FUNCTION = YES;
				GCC_WARN_UNUSED_VARIABLE = YES;
				IPHONEOS_DEPLOYMENT_TARGET = 13.2;
				MTL_ENABLE_DEBUG_INFO = NO;
				MTL_FAST_MATH = YES;
				SDKROOT = iphoneos;
				SWIFT_COMPILATION_MODE = wholemodule;
				SWIFT_OPTIMIZATION_LEVEL = "-O";
				VALIDATE_PRODUCT = YES;
			};
			name = Release;
		};
		D8719E1725B90E66001EA998 /* Debug */ = {
			isa = XCBuildConfiguration;
			baseConfigurationReference = E1CCCE90DBFA4576ED2964CB /* Pods-RickAndMorty.debug.xcconfig */;
			buildSettings = {
				ASSETCATALOG_COMPILER_APPICON_NAME = AppIcon;
				CODE_SIGN_STYLE = Automatic;
				DEVELOPMENT_TEAM = TVJUC49FTN;
				INFOPLIST_FILE = RickAndMorty/Info.plist;
				LD_RUNPATH_SEARCH_PATHS = (
					"$(inherited)",
					"@executable_path/Frameworks",
				);
				PRODUCT_BUNDLE_IDENTIFIER = gabriel.RickAndMorty;
				PRODUCT_NAME = "$(TARGET_NAME)";
				SWIFT_VERSION = 5.0;
				TARGETED_DEVICE_FAMILY = "1,2";
			};
			name = Debug;
		};
		D8719E1825B90E66001EA998 /* Release */ = {
			isa = XCBuildConfiguration;
			baseConfigurationReference = 148B083BDFEF9F6652AAC4DB /* Pods-RickAndMorty.release.xcconfig */;
			buildSettings = {
				ASSETCATALOG_COMPILER_APPICON_NAME = AppIcon;
				CODE_SIGN_STYLE = Automatic;
				DEVELOPMENT_TEAM = TVJUC49FTN;
				INFOPLIST_FILE = RickAndMorty/Info.plist;
				LD_RUNPATH_SEARCH_PATHS = (
					"$(inherited)",
					"@executable_path/Frameworks",
				);
				PRODUCT_BUNDLE_IDENTIFIER = gabriel.RickAndMorty;
				PRODUCT_NAME = "$(TARGET_NAME)";
				SWIFT_VERSION = 5.0;
				TARGETED_DEVICE_FAMILY = "1,2";
			};
			name = Release;
		};
		D8719E1A25B90E66001EA998 /* Debug */ = {
			isa = XCBuildConfiguration;
			baseConfigurationReference = 5BFF3E853DE0C00990ED4400 /* Pods-RickAndMortyTests.debug.xcconfig */;
			buildSettings = {
				ALWAYS_EMBED_SWIFT_STANDARD_LIBRARIES = YES;
				BUNDLE_LOADER = "$(TEST_HOST)";
				CODE_SIGN_STYLE = Automatic;
				DEVELOPMENT_TEAM = TVJUC49FTN;
				INFOPLIST_FILE = RickAndMortyTests/Info.plist;
				IPHONEOS_DEPLOYMENT_TARGET = 13.2;
				LD_RUNPATH_SEARCH_PATHS = (
					"$(inherited)",
					"@executable_path/Frameworks",
					"@loader_path/Frameworks",
				);
				PRODUCT_BUNDLE_IDENTIFIER = gabriel.RickAndMortyTests;
				PRODUCT_NAME = "$(TARGET_NAME)";
				SWIFT_VERSION = 5.0;
				TARGETED_DEVICE_FAMILY = "1,2";
				TEST_HOST = "$(BUILT_PRODUCTS_DIR)/RickAndMorty.app/RickAndMorty";
			};
			name = Debug;
		};
		D8719E1B25B90E66001EA998 /* Release */ = {
			isa = XCBuildConfiguration;
			baseConfigurationReference = 1371F708B562DD2A3AFB37E6 /* Pods-RickAndMortyTests.release.xcconfig */;
			buildSettings = {
				ALWAYS_EMBED_SWIFT_STANDARD_LIBRARIES = YES;
				BUNDLE_LOADER = "$(TEST_HOST)";
				CODE_SIGN_STYLE = Automatic;
				DEVELOPMENT_TEAM = TVJUC49FTN;
				INFOPLIST_FILE = RickAndMortyTests/Info.plist;
				IPHONEOS_DEPLOYMENT_TARGET = 13.2;
				LD_RUNPATH_SEARCH_PATHS = (
					"$(inherited)",
					"@executable_path/Frameworks",
					"@loader_path/Frameworks",
				);
				PRODUCT_BUNDLE_IDENTIFIER = gabriel.RickAndMortyTests;
				PRODUCT_NAME = "$(TARGET_NAME)";
				SWIFT_VERSION = 5.0;
				TARGETED_DEVICE_FAMILY = "1,2";
				TEST_HOST = "$(BUILT_PRODUCTS_DIR)/RickAndMorty.app/RickAndMorty";
			};
			name = Release;
		};
		D8719E1D25B90E66001EA998 /* Debug */ = {
			isa = XCBuildConfiguration;
			baseConfigurationReference = DB92B5B95B85FB26BB52D1E4 /* Pods-RickAndMorty-RickAndMortyUITests.debug.xcconfig */;
			buildSettings = {
				ALWAYS_EMBED_SWIFT_STANDARD_LIBRARIES = YES;
				CODE_SIGN_STYLE = Automatic;
				DEVELOPMENT_TEAM = TVJUC49FTN;
				INFOPLIST_FILE = RickAndMortyUITests/Info.plist;
				LD_RUNPATH_SEARCH_PATHS = (
					"$(inherited)",
					"@executable_path/Frameworks",
					"@loader_path/Frameworks",
				);
				PRODUCT_BUNDLE_IDENTIFIER = gabriel.RickAndMortyUITests;
				PRODUCT_NAME = "$(TARGET_NAME)";
				SWIFT_VERSION = 5.0;
				TARGETED_DEVICE_FAMILY = "1,2";
				TEST_TARGET_NAME = RickAndMorty;
			};
			name = Debug;
		};
		D8719E1E25B90E66001EA998 /* Release */ = {
			isa = XCBuildConfiguration;
			baseConfigurationReference = DB67824F4F80B09C06A7B60E /* Pods-RickAndMorty-RickAndMortyUITests.release.xcconfig */;
			buildSettings = {
				ALWAYS_EMBED_SWIFT_STANDARD_LIBRARIES = YES;
				CODE_SIGN_STYLE = Automatic;
				DEVELOPMENT_TEAM = TVJUC49FTN;
				INFOPLIST_FILE = RickAndMortyUITests/Info.plist;
				LD_RUNPATH_SEARCH_PATHS = (
					"$(inherited)",
					"@executable_path/Frameworks",
					"@loader_path/Frameworks",
				);
				PRODUCT_BUNDLE_IDENTIFIER = gabriel.RickAndMortyUITests;
				PRODUCT_NAME = "$(TARGET_NAME)";
				SWIFT_VERSION = 5.0;
				TARGETED_DEVICE_FAMILY = "1,2";
				TEST_TARGET_NAME = RickAndMorty;
			};
			name = Release;
		};
/* End XCBuildConfiguration section */

/* Begin XCConfigurationList section */
		D8719DE725B90E65001EA998 /* Build configuration list for PBXProject "RickAndMorty" */ = {
			isa = XCConfigurationList;
			buildConfigurations = (
				D8719E1425B90E66001EA998 /* Debug */,
				D8719E1525B90E66001EA998 /* Release */,
			);
			defaultConfigurationIsVisible = 0;
			defaultConfigurationName = Release;
		};
		D8719E1625B90E66001EA998 /* Build configuration list for PBXNativeTarget "RickAndMorty" */ = {
			isa = XCConfigurationList;
			buildConfigurations = (
				D8719E1725B90E66001EA998 /* Debug */,
				D8719E1825B90E66001EA998 /* Release */,
			);
			defaultConfigurationIsVisible = 0;
			defaultConfigurationName = Release;
		};
		D8719E1925B90E66001EA998 /* Build configuration list for PBXNativeTarget "RickAndMortyTests" */ = {
			isa = XCConfigurationList;
			buildConfigurations = (
				D8719E1A25B90E66001EA998 /* Debug */,
				D8719E1B25B90E66001EA998 /* Release */,
			);
			defaultConfigurationIsVisible = 0;
			defaultConfigurationName = Release;
		};
		D8719E1C25B90E66001EA998 /* Build configuration list for PBXNativeTarget "RickAndMortyUITests" */ = {
			isa = XCConfigurationList;
			buildConfigurations = (
				D8719E1D25B90E66001EA998 /* Debug */,
				D8719E1E25B90E66001EA998 /* Release */,
			);
			defaultConfigurationIsVisible = 0;
			defaultConfigurationName = Release;
		};
/* End XCConfigurationList section */
	};
	rootObject = D8719DE425B90E65001EA998 /* Project object */;
}
